// !$*UTF8*$!
{
	archiveVersion = 1;
	classes = {
	};
	objectVersion = 50;
	objects = {

/* Begin PBXBuildFile section */
		8437F5052162B3D30005D4D8 /* CoreDataStack.swift in Sources */ = {isa = PBXBuildFile; fileRef = 8437F5032162B3D30005D4D8 /* CoreDataStack.swift */; };
		8437F5072162B3F40005D4D8 /* CoreDataStack.swift in Sources */ = {isa = PBXBuildFile; fileRef = 8437F5032162B3D30005D4D8 /* CoreDataStack.swift */; };
		8437F5082162B5130005D4D8 /* FinancialTracker.xcdatamodeld in Sources */ = {isa = PBXBuildFile; fileRef = 84C5F3AB2153AF6300BE9DA7 /* FinancialTracker.xcdatamodeld */; };
		84381A1A215BFF1B00826A45 /* NotificationCenter.framework in Frameworks */ = {isa = PBXBuildFile; fileRef = 84381A19215BFF1B00826A45 /* NotificationCenter.framework */; };
		84381A1D215BFF1B00826A45 /* TodayViewController.swift in Sources */ = {isa = PBXBuildFile; fileRef = 84381A1C215BFF1B00826A45 /* TodayViewController.swift */; };
		84381A20215BFF1B00826A45 /* MainInterface.storyboard in Resources */ = {isa = PBXBuildFile; fileRef = 84381A1E215BFF1B00826A45 /* MainInterface.storyboard */; };
		84381A24215BFF1B00826A45 /* FinancialTrackerTodayExtension.appex in Embed App Extensions */ = {isa = PBXBuildFile; fileRef = 84381A17215BFF1B00826A45 /* FinancialTrackerTodayExtension.appex */; settings = {ATTRIBUTES = (RemoveHeadersOnCopy, ); }; };
		84801634216BD6940044F709 /* BudgetItemTableViewCell.swift in Sources */ = {isa = PBXBuildFile; fileRef = 84801633216BD6940044F709 /* BudgetItemTableViewCell.swift */; };
		84801636216BDAD60044F709 /* RecentCostsViewModel.swift in Sources */ = {isa = PBXBuildFile; fileRef = 84801635216BDAD60044F709 /* RecentCostsViewModel.swift */; };
		84801638216CCB090044F709 /* ResentCostsTableViewController.swift in Sources */ = {isa = PBXBuildFile; fileRef = 84801637216CCB090044F709 /* ResentCostsTableViewController.swift */; };
		8480163A216D26FA0044F709 /* UIConstant.swift in Sources */ = {isa = PBXBuildFile; fileRef = 84801639216D26FA0044F709 /* UIConstant.swift */; };
		84A8B0E1216B25C500F38A1A /* DataManagerProtocol.swift in Sources */ = {isa = PBXBuildFile; fileRef = 84A8B0E0216B25C500F38A1A /* DataManagerProtocol.swift */; };
		84A8B0E2216B25C500F38A1A /* DataManagerProtocol.swift in Sources */ = {isa = PBXBuildFile; fileRef = 84A8B0E0216B25C500F38A1A /* DataManagerProtocol.swift */; };
		84A8B0E4216B282000F38A1A /* DataManager.swift in Sources */ = {isa = PBXBuildFile; fileRef = 84A8B0E3216B282000F38A1A /* DataManager.swift */; };
		84A8B0E5216B282000F38A1A /* DataManager.swift in Sources */ = {isa = PBXBuildFile; fileRef = 84A8B0E3216B282000F38A1A /* DataManager.swift */; };
		84C5F3A52153AF6300BE9DA7 /* AppDelegate.swift in Sources */ = {isa = PBXBuildFile; fileRef = 84C5F3A42153AF6300BE9DA7 /* AppDelegate.swift */; };
		84C5F3AA2153AF6300BE9DA7 /* Main.storyboard in Resources */ = {isa = PBXBuildFile; fileRef = 84C5F3A82153AF6300BE9DA7 /* Main.storyboard */; };
		84C5F3AD2153AF6300BE9DA7 /* FinancialTracker.xcdatamodeld in Sources */ = {isa = PBXBuildFile; fileRef = 84C5F3AB2153AF6300BE9DA7 /* FinancialTracker.xcdatamodeld */; };
		84C5F3AF2153AF6700BE9DA7 /* Assets.xcassets in Resources */ = {isa = PBXBuildFile; fileRef = 84C5F3AE2153AF6700BE9DA7 /* Assets.xcassets */; };
		84C5F3B22153AF6700BE9DA7 /* LaunchScreen.storyboard in Resources */ = {isa = PBXBuildFile; fileRef = 84C5F3B02153AF6700BE9DA7 /* LaunchScreen.storyboard */; };
		84C5F3BD2153AF6700BE9DA7 /* FinancialTrackerTests.swift in Sources */ = {isa = PBXBuildFile; fileRef = 84C5F3BC2153AF6700BE9DA7 /* FinancialTrackerTests.swift */; };
		84C5F3C82153AF6700BE9DA7 /* FinancialTrackerUITests.swift in Sources */ = {isa = PBXBuildFile; fileRef = 84C5F3C72153AF6700BE9DA7 /* FinancialTrackerUITests.swift */; };
		84C5F3D72154E3E900BE9DA7 /* RoundedUIView.swift in Sources */ = {isa = PBXBuildFile; fileRef = 84C5F3D62154E3E900BE9DA7 /* RoundedUIView.swift */; };
/* End PBXBuildFile section */

/* Begin PBXContainerItemProxy section */
		84381A22215BFF1B00826A45 /* PBXContainerItemProxy */ = {
			isa = PBXContainerItemProxy;
			containerPortal = 84C5F3992153AF6300BE9DA7 /* Project object */;
			proxyType = 1;
			remoteGlobalIDString = 84381A16215BFF1B00826A45;
			remoteInfo = FinancialTrackerTodayExtension;
		};
		84C5F3B92153AF6700BE9DA7 /* PBXContainerItemProxy */ = {
			isa = PBXContainerItemProxy;
			containerPortal = 84C5F3992153AF6300BE9DA7 /* Project object */;
			proxyType = 1;
			remoteGlobalIDString = 84C5F3A02153AF6300BE9DA7;
			remoteInfo = FinancialTracker;
		};
		84C5F3C42153AF6700BE9DA7 /* PBXContainerItemProxy */ = {
			isa = PBXContainerItemProxy;
			containerPortal = 84C5F3992153AF6300BE9DA7 /* Project object */;
			proxyType = 1;
			remoteGlobalIDString = 84C5F3A02153AF6300BE9DA7;
			remoteInfo = FinancialTracker;
		};
/* End PBXContainerItemProxy section */

/* Begin PBXCopyFilesBuildPhase section */
		84381A28215BFF1B00826A45 /* Embed App Extensions */ = {
			isa = PBXCopyFilesBuildPhase;
			buildActionMask = 2147483647;
			dstPath = "";
			dstSubfolderSpec = 13;
			files = (
				84381A24215BFF1B00826A45 /* FinancialTrackerTodayExtension.appex in Embed App Extensions */,
			);
			name = "Embed App Extensions";
			runOnlyForDeploymentPostprocessing = 0;
		};
/* End PBXCopyFilesBuildPhase section */

/* Begin PBXFileReference section */
		8437F5032162B3D30005D4D8 /* CoreDataStack.swift */ = {isa = PBXFileReference; fileEncoding = 4; lastKnownFileType = sourcecode.swift; path = CoreDataStack.swift; sourceTree = "<group>"; };
		8437F50A21637DD80005D4D8 /* FinancialTracker.entitlements */ = {isa = PBXFileReference; lastKnownFileType = text.plist.entitlements; path = FinancialTracker.entitlements; sourceTree = "<group>"; };
		8437F50B21637E730005D4D8 /* FinancialTrackerTodayExtension.entitlements */ = {isa = PBXFileReference; lastKnownFileType = text.plist.entitlements; path = FinancialTrackerTodayExtension.entitlements; sourceTree = "<group>"; };
		84381A17215BFF1B00826A45 /* FinancialTrackerTodayExtension.appex */ = {isa = PBXFileReference; explicitFileType = "wrapper.app-extension"; includeInIndex = 0; path = FinancialTrackerTodayExtension.appex; sourceTree = BUILT_PRODUCTS_DIR; };
		84381A19215BFF1B00826A45 /* NotificationCenter.framework */ = {isa = PBXFileReference; lastKnownFileType = wrapper.framework; name = NotificationCenter.framework; path = System/Library/Frameworks/NotificationCenter.framework; sourceTree = SDKROOT; };
		84381A1C215BFF1B00826A45 /* TodayViewController.swift */ = {isa = PBXFileReference; lastKnownFileType = sourcecode.swift; path = TodayViewController.swift; sourceTree = "<group>"; };
		84381A1F215BFF1B00826A45 /* Base */ = {isa = PBXFileReference; lastKnownFileType = file.storyboard; name = Base; path = Base.lproj/MainInterface.storyboard; sourceTree = "<group>"; };
		84381A21215BFF1B00826A45 /* Info.plist */ = {isa = PBXFileReference; lastKnownFileType = text.plist.xml; path = Info.plist; sourceTree = "<group>"; };
		84801633216BD6940044F709 /* BudgetItemTableViewCell.swift */ = {isa = PBXFileReference; lastKnownFileType = sourcecode.swift; path = BudgetItemTableViewCell.swift; sourceTree = "<group>"; };
		84801635216BDAD60044F709 /* RecentCostsViewModel.swift */ = {isa = PBXFileReference; lastKnownFileType = sourcecode.swift; path = RecentCostsViewModel.swift; sourceTree = "<group>"; };
		84801637216CCB090044F709 /* ResentCostsTableViewController.swift */ = {isa = PBXFileReference; lastKnownFileType = sourcecode.swift; path = ResentCostsTableViewController.swift; sourceTree = "<group>"; };
		84801639216D26FA0044F709 /* UIConstant.swift */ = {isa = PBXFileReference; lastKnownFileType = sourcecode.swift; path = UIConstant.swift; sourceTree = "<group>"; };
		84A8B0E0216B25C500F38A1A /* DataManagerProtocol.swift */ = {isa = PBXFileReference; lastKnownFileType = sourcecode.swift; path = DataManagerProtocol.swift; sourceTree = "<group>"; };
		84A8B0E3216B282000F38A1A /* DataManager.swift */ = {isa = PBXFileReference; lastKnownFileType = sourcecode.swift; path = DataManager.swift; sourceTree = "<group>"; };
		84C5F3A12153AF6300BE9DA7 /* FinancialTracker.app */ = {isa = PBXFileReference; explicitFileType = wrapper.application; includeInIndex = 0; path = FinancialTracker.app; sourceTree = BUILT_PRODUCTS_DIR; };
		84C5F3A42153AF6300BE9DA7 /* AppDelegate.swift */ = {isa = PBXFileReference; lastKnownFileType = sourcecode.swift; path = AppDelegate.swift; sourceTree = "<group>"; };
		84C5F3A92153AF6300BE9DA7 /* Base */ = {isa = PBXFileReference; lastKnownFileType = file.storyboard; name = Base; path = Base.lproj/Main.storyboard; sourceTree = "<group>"; };
		84C5F3AC2153AF6300BE9DA7 /* FinancialTracker.xcdatamodel */ = {isa = PBXFileReference; lastKnownFileType = wrapper.xcdatamodel; path = FinancialTracker.xcdatamodel; sourceTree = "<group>"; };
		84C5F3AE2153AF6700BE9DA7 /* Assets.xcassets */ = {isa = PBXFileReference; lastKnownFileType = folder.assetcatalog; path = Assets.xcassets; sourceTree = "<group>"; };
		84C5F3B12153AF6700BE9DA7 /* Base */ = {isa = PBXFileReference; lastKnownFileType = file.storyboard; name = Base; path = Base.lproj/LaunchScreen.storyboard; sourceTree = "<group>"; };
		84C5F3B32153AF6700BE9DA7 /* Info.plist */ = {isa = PBXFileReference; lastKnownFileType = text.plist.xml; path = Info.plist; sourceTree = "<group>"; };
		84C5F3B82153AF6700BE9DA7 /* FinancialTrackerTests.xctest */ = {isa = PBXFileReference; explicitFileType = wrapper.cfbundle; includeInIndex = 0; path = FinancialTrackerTests.xctest; sourceTree = BUILT_PRODUCTS_DIR; };
		84C5F3BC2153AF6700BE9DA7 /* FinancialTrackerTests.swift */ = {isa = PBXFileReference; lastKnownFileType = sourcecode.swift; path = FinancialTrackerTests.swift; sourceTree = "<group>"; };
		84C5F3BE2153AF6700BE9DA7 /* Info.plist */ = {isa = PBXFileReference; lastKnownFileType = text.plist.xml; path = Info.plist; sourceTree = "<group>"; };
		84C5F3C32153AF6700BE9DA7 /* FinancialTrackerUITests.xctest */ = {isa = PBXFileReference; explicitFileType = wrapper.cfbundle; includeInIndex = 0; path = FinancialTrackerUITests.xctest; sourceTree = BUILT_PRODUCTS_DIR; };
		84C5F3C72153AF6700BE9DA7 /* FinancialTrackerUITests.swift */ = {isa = PBXFileReference; lastKnownFileType = sourcecode.swift; path = FinancialTrackerUITests.swift; sourceTree = "<group>"; };
		84C5F3C92153AF6700BE9DA7 /* Info.plist */ = {isa = PBXFileReference; lastKnownFileType = text.plist.xml; path = Info.plist; sourceTree = "<group>"; };
		84C5F3D62154E3E900BE9DA7 /* RoundedUIView.swift */ = {isa = PBXFileReference; lastKnownFileType = sourcecode.swift; path = RoundedUIView.swift; sourceTree = "<group>"; };
/* End PBXFileReference section */

/* Begin PBXFrameworksBuildPhase section */
		84381A14215BFF1B00826A45 /* Frameworks */ = {
			isa = PBXFrameworksBuildPhase;
			buildActionMask = 2147483647;
			files = (
				84381A1A215BFF1B00826A45 /* NotificationCenter.framework in Frameworks */,
			);
			runOnlyForDeploymentPostprocessing = 0;
		};
		84C5F39E2153AF6300BE9DA7 /* Frameworks */ = {
			isa = PBXFrameworksBuildPhase;
			buildActionMask = 2147483647;
			files = (
			);
			runOnlyForDeploymentPostprocessing = 0;
		};
		84C5F3B52153AF6700BE9DA7 /* Frameworks */ = {
			isa = PBXFrameworksBuildPhase;
			buildActionMask = 2147483647;
			files = (
			);
			runOnlyForDeploymentPostprocessing = 0;
		};
		84C5F3C02153AF6700BE9DA7 /* Frameworks */ = {
			isa = PBXFrameworksBuildPhase;
			buildActionMask = 2147483647;
			files = (
			);
			runOnlyForDeploymentPostprocessing = 0;
		};
/* End PBXFrameworksBuildPhase section */

/* Begin PBXGroup section */
		8437F50C2163A8180005D4D8 /* Model Layer */ = {
			isa = PBXGroup;
			children = (
				8437F5032162B3D30005D4D8 /* CoreDataStack.swift */,
				84A8B0E0216B25C500F38A1A /* DataManagerProtocol.swift */,
				84A8B0E3216B282000F38A1A /* DataManager.swift */,
			);
			path = "Model Layer";
			sourceTree = "<group>";
		};
		84381A18215BFF1B00826A45 /* Frameworks */ = {
			isa = PBXGroup;
			children = (
				84381A19215BFF1B00826A45 /* NotificationCenter.framework */,
			);
			name = Frameworks;
			sourceTree = "<group>";
		};
		84381A1B215BFF1B00826A45 /* FinancialTrackerTodayExtension */ = {
			isa = PBXGroup;
			children = (
				8437F50B21637E730005D4D8 /* FinancialTrackerTodayExtension.entitlements */,
				84381A1C215BFF1B00826A45 /* TodayViewController.swift */,
				84381A1E215BFF1B00826A45 /* MainInterface.storyboard */,
				84381A21215BFF1B00826A45 /* Info.plist */,
			);
			path = FinancialTrackerTodayExtension;
			sourceTree = "<group>";
		};
		84801631216BB8220044F709 /* Screens */ = {
			isa = PBXGroup;
			children = (
				84801632216BB84F0044F709 /* RecentCosts */,
				84801639216D26FA0044F709 /* UIConstant.swift */,
			);
			path = Screens;
			sourceTree = "<group>";
		};
		84801632216BB84F0044F709 /* RecentCosts */ = {
			isa = PBXGroup;
			children = (
				84801633216BD6940044F709 /* BudgetItemTableViewCell.swift */,
				84801635216BDAD60044F709 /* RecentCostsViewModel.swift */,
				84801637216CCB090044F709 /* ResentCostsTableViewController.swift */,
			);
			path = RecentCosts;
			sourceTree = "<group>";
		};
		84C5F3982153AF6300BE9DA7 = {
			isa = PBXGroup;
			children = (
				84C5F3A32153AF6300BE9DA7 /* FinancialTracker */,
				84C5F3BB2153AF6700BE9DA7 /* FinancialTrackerTests */,
				84C5F3C62153AF6700BE9DA7 /* FinancialTrackerUITests */,
				84381A1B215BFF1B00826A45 /* FinancialTrackerTodayExtension */,
				84381A18215BFF1B00826A45 /* Frameworks */,
				84C5F3A22153AF6300BE9DA7 /* Products */,
			);
			sourceTree = "<group>";
		};
		84C5F3A22153AF6300BE9DA7 /* Products */ = {
			isa = PBXGroup;
			children = (
				84C5F3A12153AF6300BE9DA7 /* FinancialTracker.app */,
				84C5F3B82153AF6700BE9DA7 /* FinancialTrackerTests.xctest */,
				84C5F3C32153AF6700BE9DA7 /* FinancialTrackerUITests.xctest */,
				84381A17215BFF1B00826A45 /* FinancialTrackerTodayExtension.appex */,
			);
			name = Products;
			sourceTree = "<group>";
		};
		84C5F3A32153AF6300BE9DA7 /* FinancialTracker */ = {
			isa = PBXGroup;
			children = (
				84C5F3D52154E35500BE9DA7 /* Extensions */,
				8437F50C2163A8180005D4D8 /* Model Layer */,
				84801631216BB8220044F709 /* Screens */,
				84C5F3A42153AF6300BE9DA7 /* AppDelegate.swift */,
				84C5F3A82153AF6300BE9DA7 /* Main.storyboard */,
				84C5F3B02153AF6700BE9DA7 /* LaunchScreen.storyboard */,
				84C5F3B32153AF6700BE9DA7 /* Info.plist */,
				84C5F3AB2153AF6300BE9DA7 /* FinancialTracker.xcdatamodeld */,
				8437F50A21637DD80005D4D8 /* FinancialTracker.entitlements */,
				84C5F3AE2153AF6700BE9DA7 /* Assets.xcassets */,
			);
			path = FinancialTracker;
			sourceTree = "<group>";
		};
		84C5F3BB2153AF6700BE9DA7 /* FinancialTrackerTests */ = {
			isa = PBXGroup;
			children = (
				84C5F3BC2153AF6700BE9DA7 /* FinancialTrackerTests.swift */,
				84C5F3BE2153AF6700BE9DA7 /* Info.plist */,
			);
			path = FinancialTrackerTests;
			sourceTree = "<group>";
		};
		84C5F3C62153AF6700BE9DA7 /* FinancialTrackerUITests */ = {
			isa = PBXGroup;
			children = (
				84C5F3C72153AF6700BE9DA7 /* FinancialTrackerUITests.swift */,
				84C5F3C92153AF6700BE9DA7 /* Info.plist */,
			);
			path = FinancialTrackerUITests;
			sourceTree = "<group>";
		};
		84C5F3D52154E35500BE9DA7 /* Extensions */ = {
			isa = PBXGroup;
			children = (
				84C5F3D62154E3E900BE9DA7 /* RoundedUIView.swift */,
			);
			path = Extensions;
			sourceTree = "<group>";
		};
/* End PBXGroup section */

/* Begin PBXNativeTarget section */
		84381A16215BFF1B00826A45 /* FinancialTrackerTodayExtension */ = {
			isa = PBXNativeTarget;
			buildConfigurationList = 84381A27215BFF1B00826A45 /* Build configuration list for PBXNativeTarget "FinancialTrackerTodayExtension" */;
			buildPhases = (
				84381A13215BFF1B00826A45 /* Sources */,
				84381A14215BFF1B00826A45 /* Frameworks */,
				84381A15215BFF1B00826A45 /* Resources */,
			);
			buildRules = (
			);
			dependencies = (
			);
			name = FinancialTrackerTodayExtension;
			productName = FinancialTrackerTodayExtension;
			productReference = 84381A17215BFF1B00826A45 /* FinancialTrackerTodayExtension.appex */;
			productType = "com.apple.product-type.app-extension";
		};
		84C5F3A02153AF6300BE9DA7 /* FinancialTracker */ = {
			isa = PBXNativeTarget;
			buildConfigurationList = 84C5F3CC2153AF6700BE9DA7 /* Build configuration list for PBXNativeTarget "FinancialTracker" */;
			buildPhases = (
				84C5F39D2153AF6300BE9DA7 /* Sources */,
				84C5F39E2153AF6300BE9DA7 /* Frameworks */,
				84C5F39F2153AF6300BE9DA7 /* Resources */,
				84381A28215BFF1B00826A45 /* Embed App Extensions */,
			);
			buildRules = (
			);
			dependencies = (
				84381A23215BFF1B00826A45 /* PBXTargetDependency */,
			);
			name = FinancialTracker;
			productName = FinancialTracker;
			productReference = 84C5F3A12153AF6300BE9DA7 /* FinancialTracker.app */;
			productType = "com.apple.product-type.application";
		};
		84C5F3B72153AF6700BE9DA7 /* FinancialTrackerTests */ = {
			isa = PBXNativeTarget;
			buildConfigurationList = 84C5F3CF2153AF6700BE9DA7 /* Build configuration list for PBXNativeTarget "FinancialTrackerTests" */;
			buildPhases = (
				84C5F3B42153AF6700BE9DA7 /* Sources */,
				84C5F3B52153AF6700BE9DA7 /* Frameworks */,
				84C5F3B62153AF6700BE9DA7 /* Resources */,
			);
			buildRules = (
			);
			dependencies = (
				84C5F3BA2153AF6700BE9DA7 /* PBXTargetDependency */,
			);
			name = FinancialTrackerTests;
			productName = FinancialTrackerTests;
			productReference = 84C5F3B82153AF6700BE9DA7 /* FinancialTrackerTests.xctest */;
			productType = "com.apple.product-type.bundle.unit-test";
		};
		84C5F3C22153AF6700BE9DA7 /* FinancialTrackerUITests */ = {
			isa = PBXNativeTarget;
			buildConfigurationList = 84C5F3D22153AF6700BE9DA7 /* Build configuration list for PBXNativeTarget "FinancialTrackerUITests" */;
			buildPhases = (
				84C5F3BF2153AF6700BE9DA7 /* Sources */,
				84C5F3C02153AF6700BE9DA7 /* Frameworks */,
				84C5F3C12153AF6700BE9DA7 /* Resources */,
			);
			buildRules = (
			);
			dependencies = (
				84C5F3C52153AF6700BE9DA7 /* PBXTargetDependency */,
			);
			name = FinancialTrackerUITests;
			productName = FinancialTrackerUITests;
			productReference = 84C5F3C32153AF6700BE9DA7 /* FinancialTrackerUITests.xctest */;
			productType = "com.apple.product-type.bundle.ui-testing";
		};
/* End PBXNativeTarget section */

/* Begin PBXProject section */
		84C5F3992153AF6300BE9DA7 /* Project object */ = {
			isa = PBXProject;
			attributes = {
				LastSwiftUpdateCheck = 1000;
				LastUpgradeCheck = 1000;
				ORGANIZATIONNAME = "Dmitry Sakharov";
				TargetAttributes = {
					84381A16215BFF1B00826A45 = {
						CreatedOnToolsVersion = 10.0;
						SystemCapabilities = {
							com.apple.ApplicationGroups.iOS = {
								enabled = 1;
							};
						};
					};
					84C5F3A02153AF6300BE9DA7 = {
						CreatedOnToolsVersion = 10.0;
						SystemCapabilities = {
							com.apple.ApplicationGroups.iOS = {
								enabled = 1;
							};
						};
					};
					84C5F3B72153AF6700BE9DA7 = {
						CreatedOnToolsVersion = 10.0;
						TestTargetID = 84C5F3A02153AF6300BE9DA7;
					};
					84C5F3C22153AF6700BE9DA7 = {
						CreatedOnToolsVersion = 10.0;
						TestTargetID = 84C5F3A02153AF6300BE9DA7;
					};
				};
			};
			buildConfigurationList = 84C5F39C2153AF6300BE9DA7 /* Build configuration list for PBXProject "FinancialTracker" */;
			compatibilityVersion = "Xcode 9.3";
			developmentRegion = en;
			hasScannedForEncodings = 0;
			knownRegions = (
				en,
				Base,
			);
			mainGroup = 84C5F3982153AF6300BE9DA7;
			productRefGroup = 84C5F3A22153AF6300BE9DA7 /* Products */;
			projectDirPath = "";
			projectRoot = "";
			targets = (
				84C5F3A02153AF6300BE9DA7 /* FinancialTracker */,
				84C5F3B72153AF6700BE9DA7 /* FinancialTrackerTests */,
				84C5F3C22153AF6700BE9DA7 /* FinancialTrackerUITests */,
				84381A16215BFF1B00826A45 /* FinancialTrackerTodayExtension */,
			);
		};
/* End PBXProject section */

/* Begin PBXResourcesBuildPhase section */
		84381A15215BFF1B00826A45 /* Resources */ = {
			isa = PBXResourcesBuildPhase;
			buildActionMask = 2147483647;
			files = (
				84381A20215BFF1B00826A45 /* MainInterface.storyboard in Resources */,
			);
			runOnlyForDeploymentPostprocessing = 0;
		};
		84C5F39F2153AF6300BE9DA7 /* Resources */ = {
			isa = PBXResourcesBuildPhase;
			buildActionMask = 2147483647;
			files = (
				84C5F3B22153AF6700BE9DA7 /* LaunchScreen.storyboard in Resources */,
				84C5F3AF2153AF6700BE9DA7 /* Assets.xcassets in Resources */,
				84C5F3AA2153AF6300BE9DA7 /* Main.storyboard in Resources */,
			);
			runOnlyForDeploymentPostprocessing = 0;
		};
		84C5F3B62153AF6700BE9DA7 /* Resources */ = {
			isa = PBXResourcesBuildPhase;
			buildActionMask = 2147483647;
			files = (
			);
			runOnlyForDeploymentPostprocessing = 0;
		};
		84C5F3C12153AF6700BE9DA7 /* Resources */ = {
			isa = PBXResourcesBuildPhase;
			buildActionMask = 2147483647;
			files = (
			);
			runOnlyForDeploymentPostprocessing = 0;
		};
/* End PBXResourcesBuildPhase section */

/* Begin PBXSourcesBuildPhase section */
		84381A13215BFF1B00826A45 /* Sources */ = {
			isa = PBXSourcesBuildPhase;
			buildActionMask = 2147483647;
			files = (
				84381A1D215BFF1B00826A45 /* TodayViewController.swift in Sources */,
				84A8B0E5216B282000F38A1A /* DataManager.swift in Sources */,
				8437F5082162B5130005D4D8 /* FinancialTracker.xcdatamodeld in Sources */,
				8437F5052162B3D30005D4D8 /* CoreDataStack.swift in Sources */,
				84A8B0E2216B25C500F38A1A /* DataManagerProtocol.swift in Sources */,
			);
			runOnlyForDeploymentPostprocessing = 0;
		};
		84C5F39D2153AF6300BE9DA7 /* Sources */ = {
			isa = PBXSourcesBuildPhase;
			buildActionMask = 2147483647;
			files = (
				8437F5072162B3F40005D4D8 /* CoreDataStack.swift in Sources */,
				84801634216BD6940044F709 /* BudgetItemTableViewCell.swift in Sources */,
				84C5F3D72154E3E900BE9DA7 /* RoundedUIView.swift in Sources */,
				84A8B0E4216B282000F38A1A /* DataManager.swift in Sources */,
				84C5F3AD2153AF6300BE9DA7 /* FinancialTracker.xcdatamodeld in Sources */,
				84C5F3A52153AF6300BE9DA7 /* AppDelegate.swift in Sources */,
				84801636216BDAD60044F709 /* RecentCostsViewModel.swift in Sources */,
				8480163A216D26FA0044F709 /* UIConstant.swift in Sources */,
				84801638216CCB090044F709 /* ResentCostsTableViewController.swift in Sources */,
				84A8B0E1216B25C500F38A1A /* DataManagerProtocol.swift in Sources */,
			);
			runOnlyForDeploymentPostprocessing = 0;
		};
		84C5F3B42153AF6700BE9DA7 /* Sources */ = {
			isa = PBXSourcesBuildPhase;
			buildActionMask = 2147483647;
			files = (
				84C5F3BD2153AF6700BE9DA7 /* FinancialTrackerTests.swift in Sources */,
			);
			runOnlyForDeploymentPostprocessing = 0;
		};
		84C5F3BF2153AF6700BE9DA7 /* Sources */ = {
			isa = PBXSourcesBuildPhase;
			buildActionMask = 2147483647;
			files = (
				84C5F3C82153AF6700BE9DA7 /* FinancialTrackerUITests.swift in Sources */,
			);
			runOnlyForDeploymentPostprocessing = 0;
		};
/* End PBXSourcesBuildPhase section */

/* Begin PBXTargetDependency section */
		84381A23215BFF1B00826A45 /* PBXTargetDependency */ = {
			isa = PBXTargetDependency;
			target = 84381A16215BFF1B00826A45 /* FinancialTrackerTodayExtension */;
			targetProxy = 84381A22215BFF1B00826A45 /* PBXContainerItemProxy */;
		};
		84C5F3BA2153AF6700BE9DA7 /* PBXTargetDependency */ = {
			isa = PBXTargetDependency;
			target = 84C5F3A02153AF6300BE9DA7 /* FinancialTracker */;
			targetProxy = 84C5F3B92153AF6700BE9DA7 /* PBXContainerItemProxy */;
		};
		84C5F3C52153AF6700BE9DA7 /* PBXTargetDependency */ = {
			isa = PBXTargetDependency;
			target = 84C5F3A02153AF6300BE9DA7 /* FinancialTracker */;
			targetProxy = 84C5F3C42153AF6700BE9DA7 /* PBXContainerItemProxy */;
		};
/* End PBXTargetDependency section */

/* Begin PBXVariantGroup section */
		84381A1E215BFF1B00826A45 /* MainInterface.storyboard */ = {
			isa = PBXVariantGroup;
			children = (
				84381A1F215BFF1B00826A45 /* Base */,
			);
			name = MainInterface.storyboard;
			sourceTree = "<group>";
		};
		84C5F3A82153AF6300BE9DA7 /* Main.storyboard */ = {
			isa = PBXVariantGroup;
			children = (
				84C5F3A92153AF6300BE9DA7 /* Base */,
			);
			name = Main.storyboard;
			sourceTree = "<group>";
		};
		84C5F3B02153AF6700BE9DA7 /* LaunchScreen.storyboard */ = {
			isa = PBXVariantGroup;
			children = (
				84C5F3B12153AF6700BE9DA7 /* Base */,
			);
			name = LaunchScreen.storyboard;
			sourceTree = "<group>";
		};
/* End PBXVariantGroup section */

/* Begin XCBuildConfiguration section */
		84381A25215BFF1B00826A45 /* Debug */ = {
			isa = XCBuildConfiguration;
			buildSettings = {
				CODE_SIGN_ENTITLEMENTS = FinancialTrackerTodayExtension/FinancialTrackerTodayExtension.entitlements;
				CODE_SIGN_STYLE = Automatic;
				DEVELOPMENT_TEAM = A2XMWCCZQ3;
				INFOPLIST_FILE = FinancialTrackerTodayExtension/Info.plist;
				LD_RUNPATH_SEARCH_PATHS = (
					"$(inherited)",
					"@executable_path/Frameworks",
					"@executable_path/../../Frameworks",
				);
				PRODUCT_BUNDLE_IDENTIFIER = sugaroff.FinancialTracker.FinancialTrackerTodayExtension;
				PRODUCT_NAME = "$(TARGET_NAME)";
				SKIP_INSTALL = YES;
				SWIFT_VERSION = 4.2;
				TARGETED_DEVICE_FAMILY = "1,2";
			};
			name = Debug;
		};
		84381A26215BFF1B00826A45 /* Release */ = {
			isa = XCBuildConfiguration;
			buildSettings = {
				CODE_SIGN_ENTITLEMENTS = FinancialTrackerTodayExtension/FinancialTrackerTodayExtension.entitlements;
				CODE_SIGN_STYLE = Automatic;
				DEVELOPMENT_TEAM = A2XMWCCZQ3;
				INFOPLIST_FILE = FinancialTrackerTodayExtension/Info.plist;
				LD_RUNPATH_SEARCH_PATHS = (
					"$(inherited)",
					"@executable_path/Frameworks",
					"@executable_path/../../Frameworks",
				);
				PRODUCT_BUNDLE_IDENTIFIER = sugaroff.FinancialTracker.FinancialTrackerTodayExtension;
				PRODUCT_NAME = "$(TARGET_NAME)";
				SKIP_INSTALL = YES;
				SWIFT_VERSION = 4.2;
				TARGETED_DEVICE_FAMILY = "1,2";
			};
			name = Release;
		};
		84C5F3CA2153AF6700BE9DA7 /* Debug */ = {
			isa = XCBuildConfiguration;
			buildSettings = {
				ALWAYS_SEARCH_USER_PATHS = NO;
				CLANG_ANALYZER_NONNULL = YES;
				CLANG_ANALYZER_NUMBER_OBJECT_CONVERSION = YES_AGGRESSIVE;
				CLANG_CXX_LANGUAGE_STANDARD = "gnu++14";
				CLANG_CXX_LIBRARY = "libc++";
				CLANG_ENABLE_MODULES = YES;
				CLANG_ENABLE_OBJC_ARC = YES;
				CLANG_ENABLE_OBJC_WEAK = YES;
				CLANG_WARN_BLOCK_CAPTURE_AUTORELEASING = YES;
				CLANG_WARN_BOOL_CONVERSION = YES;
				CLANG_WARN_COMMA = YES;
				CLANG_WARN_CONSTANT_CONVERSION = YES;
				CLANG_WARN_DEPRECATED_OBJC_IMPLEMENTATIONS = YES;
				CLANG_WARN_DIRECT_OBJC_ISA_USAGE = YES_ERROR;
				CLANG_WARN_DOCUMENTATION_COMMENTS = YES;
				CLANG_WARN_EMPTY_BODY = YES;
				CLANG_WARN_ENUM_CONVERSION = YES;
				CLANG_WARN_INFINITE_RECURSION = YES;
				CLANG_WARN_INT_CONVERSION = YES;
				CLANG_WARN_NON_LITERAL_NULL_CONVERSION = YES;
				CLANG_WARN_OBJC_IMPLICIT_RETAIN_SELF = YES;
				CLANG_WARN_OBJC_LITERAL_CONVERSION = YES;
				CLANG_WARN_OBJC_ROOT_CLASS = YES_ERROR;
				CLANG_WARN_RANGE_LOOP_ANALYSIS = YES;
				CLANG_WARN_STRICT_PROTOTYPES = YES;
				CLANG_WARN_SUSPICIOUS_MOVE = YES;
				CLANG_WARN_UNGUARDED_AVAILABILITY = YES_AGGRESSIVE;
				CLANG_WARN_UNREACHABLE_CODE = YES;
				CLANG_WARN__DUPLICATE_METHOD_MATCH = YES;
				CODE_SIGN_IDENTITY = "iPhone Developer";
				COPY_PHASE_STRIP = NO;
				DEBUG_INFORMATION_FORMAT = dwarf;
				ENABLE_STRICT_OBJC_MSGSEND = YES;
				ENABLE_TESTABILITY = YES;
				GCC_C_LANGUAGE_STANDARD = gnu11;
				GCC_DYNAMIC_NO_PIC = NO;
				GCC_NO_COMMON_BLOCKS = YES;
				GCC_OPTIMIZATION_LEVEL = 0;
				GCC_PREPROCESSOR_DEFINITIONS = (
					"DEBUG=1",
					"$(inherited)",
				);
				GCC_WARN_64_TO_32_BIT_CONVERSION = YES;
				GCC_WARN_ABOUT_RETURN_TYPE = YES_ERROR;
				GCC_WARN_UNDECLARED_SELECTOR = YES;
				GCC_WARN_UNINITIALIZED_AUTOS = YES_AGGRESSIVE;
				GCC_WARN_UNUSED_FUNCTION = YES;
				GCC_WARN_UNUSED_VARIABLE = YES;
				IPHONEOS_DEPLOYMENT_TARGET = 12.0;
				MTL_ENABLE_DEBUG_INFO = INCLUDE_SOURCE;
				MTL_FAST_MATH = YES;
				ONLY_ACTIVE_ARCH = YES;
				SDKROOT = iphoneos;
				SWIFT_ACTIVE_COMPILATION_CONDITIONS = DEBUG;
				SWIFT_OPTIMIZATION_LEVEL = "-Onone";
			};
			name = Debug;
		};
		84C5F3CB2153AF6700BE9DA7 /* Release */ = {
			isa = XCBuildConfiguration;
			buildSettings = {
				ALWAYS_SEARCH_USER_PATHS = NO;
				CLANG_ANALYZER_NONNULL = YES;
				CLANG_ANALYZER_NUMBER_OBJECT_CONVERSION = YES_AGGRESSIVE;
				CLANG_CXX_LANGUAGE_STANDARD = "gnu++14";
				CLANG_CXX_LIBRARY = "libc++";
				CLANG_ENABLE_MODULES = YES;
				CLANG_ENABLE_OBJC_ARC = YES;
				CLANG_ENABLE_OBJC_WEAK = YES;
				CLANG_WARN_BLOCK_CAPTURE_AUTORELEASING = YES;
				CLANG_WARN_BOOL_CONVERSION = YES;
				CLANG_WARN_COMMA = YES;
				CLANG_WARN_CONSTANT_CONVERSION = YES;
				CLANG_WARN_DEPRECATED_OBJC_IMPLEMENTATIONS = YES;
				CLANG_WARN_DIRECT_OBJC_ISA_USAGE = YES_ERROR;
				CLANG_WARN_DOCUMENTATION_COMMENTS = YES;
				CLANG_WARN_EMPTY_BODY = YES;
				CLANG_WARN_ENUM_CONVERSION = YES;
				CLANG_WARN_INFINITE_RECURSION = YES;
				CLANG_WARN_INT_CONVERSION = YES;
				CLANG_WARN_NON_LITERAL_NULL_CONVERSION = YES;
				CLANG_WARN_OBJC_IMPLICIT_RETAIN_SELF = YES;
				CLANG_WARN_OBJC_LITERAL_CONVERSION = YES;
				CLANG_WARN_OBJC_ROOT_CLASS = YES_ERROR;
				CLANG_WARN_RANGE_LOOP_ANALYSIS = YES;
				CLANG_WARN_STRICT_PROTOTYPES = YES;
				CLANG_WARN_SUSPICIOUS_MOVE = YES;
				CLANG_WARN_UNGUARDED_AVAILABILITY = YES_AGGRESSIVE;
				CLANG_WARN_UNREACHABLE_CODE = YES;
				CLANG_WARN__DUPLICATE_METHOD_MATCH = YES;
				CODE_SIGN_IDENTITY = "iPhone Developer";
				COPY_PHASE_STRIP = NO;
				DEBUG_INFORMATION_FORMAT = "dwarf-with-dsym";
				ENABLE_NS_ASSERTIONS = NO;
				ENABLE_STRICT_OBJC_MSGSEND = YES;
				GCC_C_LANGUAGE_STANDARD = gnu11;
				GCC_NO_COMMON_BLOCKS = YES;
				GCC_WARN_64_TO_32_BIT_CONVERSION = YES;
				GCC_WARN_ABOUT_RETURN_TYPE = YES_ERROR;
				GCC_WARN_UNDECLARED_SELECTOR = YES;
				GCC_WARN_UNINITIALIZED_AUTOS = YES_AGGRESSIVE;
				GCC_WARN_UNUSED_FUNCTION = YES;
				GCC_WARN_UNUSED_VARIABLE = YES;
				IPHONEOS_DEPLOYMENT_TARGET = 12.0;
				MTL_ENABLE_DEBUG_INFO = NO;
				MTL_FAST_MATH = YES;
				SDKROOT = iphoneos;
				SWIFT_COMPILATION_MODE = wholemodule;
				SWIFT_OPTIMIZATION_LEVEL = "-O";
				VALIDATE_PRODUCT = YES;
			};
			name = Release;
		};
		84C5F3CD2153AF6700BE9DA7 /* Debug */ = {
			isa = XCBuildConfiguration;
			buildSettings = {
				ALWAYS_EMBED_SWIFT_STANDARD_LIBRARIES = YES;
				ASSETCATALOG_COMPILER_APPICON_NAME = AppIcon;
				CODE_SIGN_ENTITLEMENTS = FinancialTracker/FinancialTracker.entitlements;
				CODE_SIGN_STYLE = Automatic;
				DEVELOPMENT_TEAM = A2XMWCCZQ3;
				INFOPLIST_FILE = FinancialTracker/Info.plist;
				LD_RUNPATH_SEARCH_PATHS = (
					"$(inherited)",
					"@executable_path/Frameworks",
				);
				PRODUCT_BUNDLE_IDENTIFIER = sugaroff.FinancialTracker;
				PRODUCT_NAME = "$(TARGET_NAME)";
				SWIFT_VERSION = 4.2;
				TARGETED_DEVICE_FAMILY = "1,2";
			};
			name = Debug;
		};
		84C5F3CE2153AF6700BE9DA7 /* Release */ = {
			isa = XCBuildConfiguration;
			buildSettings = {
				ALWAYS_EMBED_SWIFT_STANDARD_LIBRARIES = YES;
				ASSETCATALOG_COMPILER_APPICON_NAME = AppIcon;
				CODE_SIGN_ENTITLEMENTS = FinancialTracker/FinancialTracker.entitlements;
				CODE_SIGN_STYLE = Automatic;
				DEVELOPMENT_TEAM = A2XMWCCZQ3;
				INFOPLIST_FILE = FinancialTracker/Info.plist;
				LD_RUNPATH_SEARCH_PATHS = (
					"$(inherited)",
					"@executable_path/Frameworks",
				);
				PRODUCT_BUNDLE_IDENTIFIER = sugaroff.FinancialTracker;
				PRODUCT_NAME = "$(TARGET_NAME)";
				SWIFT_VERSION = 4.2;
				TARGETED_DEVICE_FAMILY = "1,2";
			};
			name = Release;
		};
		84C5F3D02153AF6700BE9DA7 /* Debug */ = {
			isa = XCBuildConfiguration;
			buildSettings = {
				ALWAYS_EMBED_SWIFT_STANDARD_LIBRARIES = YES;
				BUNDLE_LOADER = "$(TEST_HOST)";
				CODE_SIGN_STYLE = Automatic;
				DEVELOPMENT_TEAM = A2XMWCCZQ3;
				INFOPLIST_FILE = FinancialTrackerTests/Info.plist;
				LD_RUNPATH_SEARCH_PATHS = (
					"$(inherited)",
					"@executable_path/Frameworks",
					"@loader_path/Frameworks",
				);
				PRODUCT_BUNDLE_IDENTIFIER = sugaroff.FinancialTrackerTests;
				PRODUCT_NAME = "$(TARGET_NAME)";
				SWIFT_VERSION = 4.2;
				TARGETED_DEVICE_FAMILY = "1,2";
				TEST_HOST = "$(BUILT_PRODUCTS_DIR)/FinancialTracker.app/FinancialTracker";
			};
			name = Debug;
		};
		84C5F3D12153AF6700BE9DA7 /* Release */ = {
			isa = XCBuildConfiguration;
			buildSettings = {
				ALWAYS_EMBED_SWIFT_STANDARD_LIBRARIES = YES;
				BUNDLE_LOADER = "$(TEST_HOST)";
				CODE_SIGN_STYLE = Automatic;
				DEVELOPMENT_TEAM = A2XMWCCZQ3;
				INFOPLIST_FILE = FinancialTrackerTests/Info.plist;
				LD_RUNPATH_SEARCH_PATHS = (
					"$(inherited)",
					"@executable_path/Frameworks",
					"@loader_path/Frameworks",
				);
				PRODUCT_BUNDLE_IDENTIFIER = sugaroff.FinancialTrackerTests;
				PRODUCT_NAME = "$(TARGET_NAME)";
				SWIFT_VERSION = 4.2;
				TARGETED_DEVICE_FAMILY = "1,2";
				TEST_HOST = "$(BUILT_PRODUCTS_DIR)/FinancialTracker.app/FinancialTracker";
			};
			name = Release;
		};
		84C5F3D32153AF6700BE9DA7 /* Debug */ = {
			isa = XCBuildConfiguration;
			buildSettings = {
				ALWAYS_EMBED_SWIFT_STANDARD_LIBRARIES = YES;
				CODE_SIGN_STYLE = Automatic;
				DEVELOPMENT_TEAM = A2XMWCCZQ3;
				INFOPLIST_FILE = FinancialTrackerUITests/Info.plist;
				LD_RUNPATH_SEARCH_PATHS = (
					"$(inherited)",
					"@executable_path/Frameworks",
					"@loader_path/Frameworks",
				);
				PRODUCT_BUNDLE_IDENTIFIER = sugaroff.FinancialTrackerUITests;
				PRODUCT_NAME = "$(TARGET_NAME)";
				SWIFT_VERSION = 4.2;
				TARGETED_DEVICE_FAMILY = "1,2";
				TEST_TARGET_NAME = FinancialTracker;
			};
			name = Debug;
		};
		84C5F3D42153AF6700BE9DA7 /* Release */ = {
			isa = XCBuildConfiguration;
			buildSettings = {
				ALWAYS_EMBED_SWIFT_STANDARD_LIBRARIES = YES;
				CODE_SIGN_STYLE = Automatic;
				DEVELOPMENT_TEAM = A2XMWCCZQ3;
				INFOPLIST_FILE = FinancialTrackerUITests/Info.plist;
				LD_RUNPATH_SEARCH_PATHS = (
					"$(inherited)",
					"@executable_path/Frameworks",
					"@loader_path/Frameworks",
				);
				PRODUCT_BUNDLE_IDENTIFIER = sugaroff.FinancialTrackerUITests;
				PRODUCT_NAME = "$(TARGET_NAME)";
				SWIFT_VERSION = 4.2;
				TARGETED_DEVICE_FAMILY = "1,2";
				TEST_TARGET_NAME = FinancialTracker;
			};
			name = Release;
		};
/* End XCBuildConfiguration section */

/* Begin XCConfigurationList section */
		84381A27215BFF1B00826A45 /* Build configuration list for PBXNativeTarget "FinancialTrackerTodayExtension" */ = {
			isa = XCConfigurationList;
			buildConfigurations = (
				84381A25215BFF1B00826A45 /* Debug */,
				84381A26215BFF1B00826A45 /* Release */,
			);
			defaultConfigurationIsVisible = 0;
			defaultConfigurationName = Release;
		};
		84C5F39C2153AF6300BE9DA7 /* Build configuration list for PBXProject "FinancialTracker" */ = {
			isa = XCConfigurationList;
			buildConfigurations = (
				84C5F3CA2153AF6700BE9DA7 /* Debug */,
				84C5F3CB2153AF6700BE9DA7 /* Release */,
			);
			defaultConfigurationIsVisible = 0;
			defaultConfigurationName = Release;
		};
		84C5F3CC2153AF6700BE9DA7 /* Build configuration list for PBXNativeTarget "FinancialTracker" */ = {
			isa = XCConfigurationList;
			buildConfigurations = (
				84C5F3CD2153AF6700BE9DA7 /* Debug */,
				84C5F3CE2153AF6700BE9DA7 /* Release */,
			);
			defaultConfigurationIsVisible = 0;
			defaultConfigurationName = Release;
		};
		84C5F3CF2153AF6700BE9DA7 /* Build configuration list for PBXNativeTarget "FinancialTrackerTests" */ = {
			isa = XCConfigurationList;
			buildConfigurations = (
				84C5F3D02153AF6700BE9DA7 /* Debug */,
				84C5F3D12153AF6700BE9DA7 /* Release */,
			);
			defaultConfigurationIsVisible = 0;
			defaultConfigurationName = Release;
		};
		84C5F3D22153AF6700BE9DA7 /* Build configuration list for PBXNativeTarget "FinancialTrackerUITests" */ = {
			isa = XCConfigurationList;
			buildConfigurations = (
				84C5F3D32153AF6700BE9DA7 /* Debug */,
				84C5F3D42153AF6700BE9DA7 /* Release */,
			);
			defaultConfigurationIsVisible = 0;
			defaultConfigurationName = Release;
		};
/* End XCConfigurationList section */

/* Begin XCVersionGroup section */
		84C5F3AB2153AF6300BE9DA7 /* FinancialTracker.xcdatamodeld */ = {
			isa = XCVersionGroup;
			children = (
				84C5F3AC2153AF6300BE9DA7 /* FinancialTracker.xcdatamodel */,
			);
			currentVersion = 84C5F3AC2153AF6300BE9DA7 /* FinancialTracker.xcdatamodel */;
			path = FinancialTracker.xcdatamodeld;
			sourceTree = "<group>";
			versionGroupType = wrapper.xcdatamodel;
		};
/* End XCVersionGroup section */
	};
	rootObject = 84C5F3992153AF6300BE9DA7 /* Project object */;
}
